
Microsoft Visual Studio Solution File, Format Version 12.00
# Visual Studio Version 17
VisualStudioVersion = 17.7.34009.444
MinimumVisualStudioVersion = 10.0.40219.1
Project("{9A19103F-16F7-4668-BE54-9A1E7A4F7556}") = "CalcFigureLib", "CalcFigureLib\CalcFigureLib.csproj", "{18F3974F-BD43-418E-8910-185AB3D53607}"
EndProject
Project("{FAE04EC0-301F-11D3-BF4B-00C04F79EFBC}") = "CalcFigureLibTest", "CalcFigureLibTest\CalcFigureLibTest.csproj", "{B011F6F6-6AAB-47EA-8A08-129273C5CF26}"
EndProject
Global
	GlobalSection(SolutionConfigurationPlatforms) = preSolution
		Debug|Any CPU = Debug|Any CPU
		Release|Any CPU = Release|Any CPU
	EndGlobalSection
	GlobalSection(ProjectConfigurationPlatforms) = postSolution
		{18F3974F-BD43-418E-8910-185AB3D53607}.Debug|Any CPU.ActiveCfg = Debug|Any CPU
		{18F3974F-BD43-418E-8910-185AB3D53607}.Debug|Any CPU.Build.0 = Debug|Any CPU
		{18F3974F-BD43-418E-8910-185AB3D53607}.Release|Any CPU.ActiveCfg = Release|Any CPU
		{18F3974F-BD43-418E-8910-185AB3D53607}.Release|Any CPU.Build.0 = Release|Any CPU
		{B011F6F6-6AAB-47EA-8A08-129273C5CF26}.Debug|Any CPU.ActiveCfg = Debug|Any CPU
		{B011F6F6-6AAB-47EA-8A08-129273C5CF26}.Debug|Any CPU.Build.0 = Debug|Any CPU
		{B011F6F6-6AAB-47EA-8A08-129273C5CF26}.Release|Any CPU.ActiveCfg = Release|Any CPU
		{B011F6F6-6AAB-47EA-8A08-129273C5CF26}.Release|Any CPU.Build.0 = Release|Any CPU
	EndGlobalSection
	GlobalSection(SolutionProperties) = preSolution
		HideSolutionNode = FALSE
	EndGlobalSection
	GlobalSection(ExtensibilityGlobals) = postSolution
		SolutionGuid = {AC7F49F9-CC62-4B8E-99B5-F112F135CD75}
	EndGlobalSection
EndGlobal
